// !$*UTF8*$!
{
	archiveVersion = 1;
	classes = {
	};
	objectVersion = 56;
	objects = {

/* Begin PBXBuildFile section */
		C04C25D62B00D81D00BB2189 /* GetAllCharactersStructRM.swift in Sources */ = {isa = PBXBuildFile; fileRef = C04C25D52B00D81D00BB2189 /* GetAllCharactersStructRM.swift */; };
		C04C25D82B013BDA00BB2189 /* CharacterListViewViewModel.swift in Sources */ = {isa = PBXBuildFile; fileRef = C04C25D72B013BDA00BB2189 /* CharacterListViewViewModel.swift */; };
		C04C25DA2B013DFD00BB2189 /* CharacterListView.swift in Sources */ = {isa = PBXBuildFile; fileRef = C04C25D92B013DFD00BB2189 /* CharacterListView.swift */; };
		D7F09E7C2AFD3DD6001E7185 /* AppDelegate.swift in Sources */ = {isa = PBXBuildFile; fileRef = D7F09E7B2AFD3DD6001E7185 /* AppDelegate.swift */; };
		D7F09E7E2AFD3DD6001E7185 /* SceneDelegate.swift in Sources */ = {isa = PBXBuildFile; fileRef = D7F09E7D2AFD3DD6001E7185 /* SceneDelegate.swift */; };
		D7F09E802AFD3DD6001E7185 /* TabBarControllerRM.swift in Sources */ = {isa = PBXBuildFile; fileRef = D7F09E7F2AFD3DD6001E7185 /* TabBarControllerRM.swift */; };
		D7F09E852AFD3DD8001E7185 /* Assets.xcassets in Resources */ = {isa = PBXBuildFile; fileRef = D7F09E842AFD3DD8001E7185 /* Assets.xcassets */; };
		D7F09E882AFD3DD8001E7185 /* LaunchScreen.storyboard in Resources */ = {isa = PBXBuildFile; fileRef = D7F09E862AFD3DD8001E7185 /* LaunchScreen.storyboard */; };
		D7F09E972AFD529C001E7185 /* LocationRM.swift in Sources */ = {isa = PBXBuildFile; fileRef = D7F09E962AFD529C001E7185 /* LocationRM.swift */; };
		D7F09E992AFD52A9001E7185 /* CharacterRM.swift in Sources */ = {isa = PBXBuildFile; fileRef = D7F09E982AFD52A9001E7185 /* CharacterRM.swift */; };
		D7F09E9B2AFD52C5001E7185 /* EpisodeRM.swift in Sources */ = {isa = PBXBuildFile; fileRef = D7F09E9A2AFD52C5001E7185 /* EpisodeRM.swift */; };
		D7F09E9E2AFD5407001E7185 /* CharacterViewControllerRM.swift in Sources */ = {isa = PBXBuildFile; fileRef = D7F09E9D2AFD5407001E7185 /* CharacterViewControllerRM.swift */; };
		D7F09EA02AFD541A001E7185 /* LocationViewControllerRM.swift in Sources */ = {isa = PBXBuildFile; fileRef = D7F09E9F2AFD541A001E7185 /* LocationViewControllerRM.swift */; };
		D7F09EA22AFD545C001E7185 /* EpisodeViewControllerRM.swift in Sources */ = {isa = PBXBuildFile; fileRef = D7F09EA12AFD545C001E7185 /* EpisodeViewControllerRM.swift */; };
		D7F09EA42AFD54C4001E7185 /* SettingsViewControllerRM.swift in Sources */ = {isa = PBXBuildFile; fileRef = D7F09EA32AFD54C4001E7185 /* SettingsViewControllerRM.swift */; };
		D7F09EA62AFD70DA001E7185 /* APICalls.swift in Sources */ = {isa = PBXBuildFile; fileRef = D7F09EA52AFD70DA001E7185 /* APICalls.swift */; };
		D7F09EA82AFD710C001E7185 /* RequestRM.swift in Sources */ = {isa = PBXBuildFile; fileRef = D7F09EA72AFD710C001E7185 /* RequestRM.swift */; };
		D7F09EAA2AFD753A001E7185 /* EndpointRM.swift in Sources */ = {isa = PBXBuildFile; fileRef = D7F09EA92AFD753A001E7185 /* EndpointRM.swift */; };
		D7F09EAC2AFE6624001E7185 /* OriginStructRM.swift in Sources */ = {isa = PBXBuildFile; fileRef = D7F09EAB2AFE6624001E7185 /* OriginStructRM.swift */; };
		D7F09EAE2AFE66A5001E7185 /* LocationStructRM.swift in Sources */ = {isa = PBXBuildFile; fileRef = D7F09EAD2AFE66A5001E7185 /* LocationStructRM.swift */; };
		D7F09EB22AFF7ED4001E7185 /* apunte.txt in Resources */ = {isa = PBXBuildFile; fileRef = D7F09EB12AFF7ED4001E7185 /* apunte.txt */; };
/* End PBXBuildFile section */

/* Begin PBXFileReference section */
		C04C25D52B00D81D00BB2189 /* GetAllCharactersStructRM.swift */ = {isa = PBXFileReference; lastKnownFileType = sourcecode.swift; path = GetAllCharactersStructRM.swift; sourceTree = "<group>"; };
		C04C25D72B013BDA00BB2189 /* CharacterListViewViewModel.swift */ = {isa = PBXFileReference; lastKnownFileType = sourcecode.swift; path = CharacterListViewViewModel.swift; sourceTree = "<group>"; };
		C04C25D92B013DFD00BB2189 /* CharacterListView.swift */ = {isa = PBXFileReference; lastKnownFileType = sourcecode.swift; path = CharacterListView.swift; sourceTree = "<group>"; };
		D7F09E782AFD3DD6001E7185 /* Rick&Morty (MVVM).app */ = {isa = PBXFileReference; explicitFileType = wrapper.application; includeInIndex = 0; path = "Rick&Morty (MVVM).app"; sourceTree = BUILT_PRODUCTS_DIR; };
		D7F09E7B2AFD3DD6001E7185 /* AppDelegate.swift */ = {isa = PBXFileReference; lastKnownFileType = sourcecode.swift; path = AppDelegate.swift; sourceTree = "<group>"; };
		D7F09E7D2AFD3DD6001E7185 /* SceneDelegate.swift */ = {isa = PBXFileReference; lastKnownFileType = sourcecode.swift; path = SceneDelegate.swift; sourceTree = "<group>"; };
		D7F09E7F2AFD3DD6001E7185 /* TabBarControllerRM.swift */ = {isa = PBXFileReference; lastKnownFileType = sourcecode.swift; path = TabBarControllerRM.swift; sourceTree = "<group>"; };
		D7F09E842AFD3DD8001E7185 /* Assets.xcassets */ = {isa = PBXFileReference; lastKnownFileType = folder.assetcatalog; path = Assets.xcassets; sourceTree = "<group>"; };
		D7F09E872AFD3DD8001E7185 /* Base */ = {isa = PBXFileReference; lastKnownFileType = file.storyboard; name = Base; path = Base.lproj/LaunchScreen.storyboard; sourceTree = "<group>"; };
		D7F09E892AFD3DD8001E7185 /* Info.plist */ = {isa = PBXFileReference; lastKnownFileType = text.plist.xml; path = Info.plist; sourceTree = "<group>"; };
		D7F09E962AFD529C001E7185 /* LocationRM.swift */ = {isa = PBXFileReference; lastKnownFileType = sourcecode.swift; path = LocationRM.swift; sourceTree = "<group>"; };
		D7F09E982AFD52A9001E7185 /* CharacterRM.swift */ = {isa = PBXFileReference; lastKnownFileType = sourcecode.swift; path = CharacterRM.swift; sourceTree = "<group>"; };
		D7F09E9A2AFD52C5001E7185 /* EpisodeRM.swift */ = {isa = PBXFileReference; lastKnownFileType = sourcecode.swift; path = EpisodeRM.swift; sourceTree = "<group>"; };
		D7F09E9D2AFD5407001E7185 /* CharacterViewControllerRM.swift */ = {isa = PBXFileReference; lastKnownFileType = sourcecode.swift; path = CharacterViewControllerRM.swift; sourceTree = "<group>"; };
		D7F09E9F2AFD541A001E7185 /* LocationViewControllerRM.swift */ = {isa = PBXFileReference; lastKnownFileType = sourcecode.swift; path = LocationViewControllerRM.swift; sourceTree = "<group>"; };
		D7F09EA12AFD545C001E7185 /* EpisodeViewControllerRM.swift */ = {isa = PBXFileReference; lastKnownFileType = sourcecode.swift; path = EpisodeViewControllerRM.swift; sourceTree = "<group>"; };
		D7F09EA32AFD54C4001E7185 /* SettingsViewControllerRM.swift */ = {isa = PBXFileReference; lastKnownFileType = sourcecode.swift; path = SettingsViewControllerRM.swift; sourceTree = "<group>"; };
		D7F09EA52AFD70DA001E7185 /* APICalls.swift */ = {isa = PBXFileReference; lastKnownFileType = sourcecode.swift; path = APICalls.swift; sourceTree = "<group>"; };
		D7F09EA72AFD710C001E7185 /* RequestRM.swift */ = {isa = PBXFileReference; lastKnownFileType = sourcecode.swift; path = RequestRM.swift; sourceTree = "<group>"; };
		D7F09EA92AFD753A001E7185 /* EndpointRM.swift */ = {isa = PBXFileReference; lastKnownFileType = sourcecode.swift; path = EndpointRM.swift; sourceTree = "<group>"; };
		D7F09EAB2AFE6624001E7185 /* OriginStructRM.swift */ = {isa = PBXFileReference; lastKnownFileType = sourcecode.swift; path = OriginStructRM.swift; sourceTree = "<group>"; };
		D7F09EAD2AFE66A5001E7185 /* LocationStructRM.swift */ = {isa = PBXFileReference; lastKnownFileType = sourcecode.swift; path = LocationStructRM.swift; sourceTree = "<group>"; };
		D7F09EB12AFF7ED4001E7185 /* apunte.txt */ = {isa = PBXFileReference; lastKnownFileType = text; path = apunte.txt; sourceTree = "<group>"; };
/* End PBXFileReference section */

/* Begin PBXFrameworksBuildPhase section */
		D7F09E752AFD3DD6001E7185 /* Frameworks */ = {
			isa = PBXFrameworksBuildPhase;
			buildActionMask = 2147483647;
			files = (
			);
			runOnlyForDeploymentPostprocessing = 0;
		};
/* End PBXFrameworksBuildPhase section */

/* Begin PBXGroup section */
		C04C25D32B00D7CF00BB2189 /* DataTypes */ = {
			isa = PBXGroup;
			children = (
				D7F09E982AFD52A9001E7185 /* CharacterRM.swift */,
				D7F09EAB2AFE6624001E7185 /* OriginStructRM.swift */,
				D7F09EAD2AFE66A5001E7185 /* LocationStructRM.swift */,
				D7F09E962AFD529C001E7185 /* LocationRM.swift */,
				D7F09E9A2AFD52C5001E7185 /* EpisodeRM.swift */,
			);
			path = DataTypes;
			sourceTree = "<group>";
		};
		C04C25D42B00D7ED00BB2189 /* APIResponseTypes */ = {
			isa = PBXGroup;
			children = (
				C04C25D52B00D81D00BB2189 /* GetAllCharactersStructRM.swift */,
			);
			path = APIResponseTypes;
			sourceTree = "<group>";
		};
		D7F09E6F2AFD3DD6001E7185 = {
			isa = PBXGroup;
			children = (
				D7F09E7A2AFD3DD6001E7185 /* Rick&Morty (MVVM) */,
				D7F09E792AFD3DD6001E7185 /* Products */,
			);
			sourceTree = "<group>";
		};
		D7F09E792AFD3DD6001E7185 /* Products */ = {
			isa = PBXGroup;
			children = (
				D7F09E782AFD3DD6001E7185 /* Rick&Morty (MVVM).app */,
			);
			name = Products;
			sourceTree = "<group>";
		};
		D7F09E7A2AFD3DD6001E7185 /* Rick&Morty (MVVM) */ = {
			isa = PBXGroup;
			children = (
				D7F09E952AFD51BD001E7185 /* Resources */,
				D7F09E932AFD519A001E7185 /* Managers */,
				D7F09E942AFD51A0001E7185 /* APIClients */,
				D7F09E922AFD5181001E7185 /* Controllers */,
				D7F09E8F2AFD3DE5001E7185 /* Models */,
				D7F09E912AFD3E07001E7185 /* ViewModels */,
				D7F09E902AFD3DFA001E7185 /* Views */,
				D7F09E892AFD3DD8001E7185 /* Info.plist */,
				D7F09EB12AFF7ED4001E7185 /* apunte.txt */,
			);
			path = "Rick&Morty (MVVM)";
			sourceTree = "<group>";
		};
		D7F09E8F2AFD3DE5001E7185 /* Models */ = {
			isa = PBXGroup;
			children = (
				C04C25D42B00D7ED00BB2189 /* APIResponseTypes */,
				C04C25D32B00D7CF00BB2189 /* DataTypes */,
			);
			path = Models;
			sourceTree = "<group>";
		};
		D7F09E902AFD3DFA001E7185 /* Views */ = {
			isa = PBXGroup;
			children = (
				C04C25D92B013DFD00BB2189 /* CharacterListView.swift */,
			);
			path = Views;
			sourceTree = "<group>";
		};
		D7F09E912AFD3E07001E7185 /* ViewModels */ = {
			isa = PBXGroup;
			children = (
				C04C25D72B013BDA00BB2189 /* CharacterListViewViewModel.swift */,
			);
			path = ViewModels;
			sourceTree = "<group>";
		};
		D7F09E922AFD5181001E7185 /* Controllers */ = {
			isa = PBXGroup;
			children = (
				D7F09E9C2AFD53B2001E7185 /* Core */,
			);
			path = Controllers;
			sourceTree = "<group>";
		};
		D7F09E932AFD519A001E7185 /* Managers */ = {
			isa = PBXGroup;
			children = (
			);
			path = Managers;
			sourceTree = "<group>";
		};
		D7F09E942AFD51A0001E7185 /* APIClients */ = {
			isa = PBXGroup;
			children = (
				D7F09EA52AFD70DA001E7185 /* APICalls.swift */,
				D7F09EA72AFD710C001E7185 /* RequestRM.swift */,
				D7F09EA92AFD753A001E7185 /* EndpointRM.swift */,
			);
			path = APIClients;
			sourceTree = "<group>";
		};
		D7F09E952AFD51BD001E7185 /* Resources */ = {
			isa = PBXGroup;
			children = (
				D7F09E842AFD3DD8001E7185 /* Assets.xcassets */,
				D7F09E862AFD3DD8001E7185 /* LaunchScreen.storyboard */,
				D7F09E7B2AFD3DD6001E7185 /* AppDelegate.swift */,
				D7F09E7D2AFD3DD6001E7185 /* SceneDelegate.swift */,
			);
			path = Resources;
			sourceTree = "<group>";
		};
		D7F09E9C2AFD53B2001E7185 /* Core */ = {
			isa = PBXGroup;
			children = (
				D7F09E9D2AFD5407001E7185 /* CharacterViewControllerRM.swift */,
				D7F09E9F2AFD541A001E7185 /* LocationViewControllerRM.swift */,
				D7F09EA12AFD545C001E7185 /* EpisodeViewControllerRM.swift */,
				D7F09EA32AFD54C4001E7185 /* SettingsViewControllerRM.swift */,
				D7F09E7F2AFD3DD6001E7185 /* TabBarControllerRM.swift */,
			);
			path = Core;
			sourceTree = "<group>";
		};
/* End PBXGroup section */

/* Begin PBXNativeTarget section */
		D7F09E772AFD3DD6001E7185 /* Rick&Morty (MVVM) */ = {
			isa = PBXNativeTarget;
			buildConfigurationList = D7F09E8C2AFD3DD8001E7185 /* Build configuration list for PBXNativeTarget "Rick&Morty (MVVM)" */;
			buildPhases = (
				D7F09E742AFD3DD6001E7185 /* Sources */,
				D7F09E752AFD3DD6001E7185 /* Frameworks */,
				D7F09E762AFD3DD6001E7185 /* Resources */,
			);
			buildRules = (
			);
			dependencies = (
			);
			name = "Rick&Morty (MVVM)";
			productName = "Rick&Morty (MVVM)";
			productReference = D7F09E782AFD3DD6001E7185 /* Rick&Morty (MVVM).app */;
			productType = "com.apple.product-type.application";
		};
/* End PBXNativeTarget section */

/* Begin PBXProject section */
		D7F09E702AFD3DD6001E7185 /* Project object */ = {
			isa = PBXProject;
			attributes = {
				BuildIndependentTargetsInParallel = 1;
				LastSwiftUpdateCheck = 1500;
				LastUpgradeCheck = 1500;
				TargetAttributes = {
					D7F09E772AFD3DD6001E7185 = {
						CreatedOnToolsVersion = 15.0.1;
					};
				};
			};
			buildConfigurationList = D7F09E732AFD3DD6001E7185 /* Build configuration list for PBXProject "Rick&Morty (MVVM)" */;
			compatibilityVersion = "Xcode 14.0";
			developmentRegion = en;
			hasScannedForEncodings = 0;
			knownRegions = (
				en,
				Base,
			);
			mainGroup = D7F09E6F2AFD3DD6001E7185;
			productRefGroup = D7F09E792AFD3DD6001E7185 /* Products */;
			projectDirPath = "";
			projectRoot = "";
			targets = (
				D7F09E772AFD3DD6001E7185 /* Rick&Morty (MVVM) */,
			);
		};
/* End PBXProject section */

/* Begin PBXResourcesBuildPhase section */
		D7F09E762AFD3DD6001E7185 /* Resources */ = {
			isa = PBXResourcesBuildPhase;
			buildActionMask = 2147483647;
			files = (
				D7F09E882AFD3DD8001E7185 /* LaunchScreen.storyboard in Resources */,
				D7F09E852AFD3DD8001E7185 /* Assets.xcassets in Resources */,
				D7F09EB22AFF7ED4001E7185 /* apunte.txt in Resources */,
			);
			runOnlyForDeploymentPostprocessing = 0;
		};
/* End PBXResourcesBuildPhase section */

/* Begin PBXSourcesBuildPhase section */
		D7F09E742AFD3DD6001E7185 /* Sources */ = {
			isa = PBXSourcesBuildPhase;
			buildActionMask = 2147483647;
			files = (
				D7F09E802AFD3DD6001E7185 /* TabBarControllerRM.swift in Sources */,
				D7F09EAC2AFE6624001E7185 /* OriginStructRM.swift in Sources */,
				D7F09E992AFD52A9001E7185 /* CharacterRM.swift in Sources */,
				D7F09EA82AFD710C001E7185 /* RequestRM.swift in Sources */,
				D7F09E9E2AFD5407001E7185 /* CharacterViewControllerRM.swift in Sources */,
				C04C25D82B013BDA00BB2189 /* CharacterListViewViewModel.swift in Sources */,
				D7F09E9B2AFD52C5001E7185 /* EpisodeRM.swift in Sources */,
				C04C25D62B00D81D00BB2189 /* GetAllCharactersStructRM.swift in Sources */,
				D7F09EAA2AFD753A001E7185 /* EndpointRM.swift in Sources */,
				D7F09EAE2AFE66A5001E7185 /* LocationStructRM.swift in Sources */,
				D7F09E7C2AFD3DD6001E7185 /* AppDelegate.swift in Sources */,
				D7F09E7E2AFD3DD6001E7185 /* SceneDelegate.swift in Sources */,
				C04C25DA2B013DFD00BB2189 /* CharacterListView.swift in Sources */,
				D7F09EA42AFD54C4001E7185 /* SettingsViewControllerRM.swift in Sources */,
				D7F09E972AFD529C001E7185 /* LocationRM.swift in Sources */,
				D7F09EA02AFD541A001E7185 /* LocationViewControllerRM.swift in Sources */,
				D7F09EA22AFD545C001E7185 /* EpisodeViewControllerRM.swift in Sources */,
				D7F09EA62AFD70DA001E7185 /* APICalls.swift in Sources */,
			);
			runOnlyForDeploymentPostprocessing = 0;
		};
/* End PBXSourcesBuildPhase section */

/* Begin PBXVariantGroup section */
		D7F09E862AFD3DD8001E7185 /* LaunchScreen.storyboard */ = {
			isa = PBXVariantGroup;
			children = (
				D7F09E872AFD3DD8001E7185 /* Base */,
			);
			name = LaunchScreen.storyboard;
			sourceTree = "<group>";
		};
/* End PBXVariantGroup section */

/* Begin XCBuildConfiguration section */
		D7F09E8A2AFD3DD8001E7185 /* Debug */ = {
			isa = XCBuildConfiguration;
			buildSettings = {
				ALWAYS_SEARCH_USER_PATHS = NO;
				ASSETCATALOG_COMPILER_GENERATE_SWIFT_ASSET_SYMBOL_EXTENSIONS = YES;
				CLANG_ANALYZER_NONNULL = YES;
				CLANG_ANALYZER_NUMBER_OBJECT_CONVERSION = YES_AGGRESSIVE;
				CLANG_CXX_LANGUAGE_STANDARD = "gnu++20";
				CLANG_ENABLE_MODULES = YES;
				CLANG_ENABLE_OBJC_ARC = YES;
				CLANG_ENABLE_OBJC_WEAK = YES;
				CLANG_WARN_BLOCK_CAPTURE_AUTORELEASING = YES;
				CLANG_WARN_BOOL_CONVERSION = YES;
				CLANG_WARN_COMMA = YES;
				CLANG_WARN_CONSTANT_CONVERSION = YES;
				CLANG_WARN_DEPRECATED_OBJC_IMPLEMENTATIONS = YES;
				CLANG_WARN_DIRECT_OBJC_ISA_USAGE = YES_ERROR;
				CLANG_WARN_DOCUMENTATION_COMMENTS = YES;
				CLANG_WARN_EMPTY_BODY = YES;
				CLANG_WARN_ENUM_CONVERSION = YES;
				CLANG_WARN_INFINITE_RECURSION = YES;
				CLANG_WARN_INT_CONVERSION = YES;
				CLANG_WARN_NON_LITERAL_NULL_CONVERSION = YES;
				CLANG_WARN_OBJC_IMPLICIT_RETAIN_SELF = YES;
				CLANG_WARN_OBJC_LITERAL_CONVERSION = YES;
				CLANG_WARN_OBJC_ROOT_CLASS = YES_ERROR;
				CLANG_WARN_QUOTED_INCLUDE_IN_FRAMEWORK_HEADER = YES;
				CLANG_WARN_RANGE_LOOP_ANALYSIS = YES;
				CLANG_WARN_STRICT_PROTOTYPES = YES;
				CLANG_WARN_SUSPICIOUS_MOVE = YES;
				CLANG_WARN_UNGUARDED_AVAILABILITY = YES_AGGRESSIVE;
				CLANG_WARN_UNREACHABLE_CODE = YES;
				CLANG_WARN__DUPLICATE_METHOD_MATCH = YES;
				COPY_PHASE_STRIP = NO;
				DEBUG_INFORMATION_FORMAT = dwarf;
				ENABLE_STRICT_OBJC_MSGSEND = YES;
				ENABLE_TESTABILITY = YES;
				ENABLE_USER_SCRIPT_SANDBOXING = YES;
				GCC_C_LANGUAGE_STANDARD = gnu17;
				GCC_DYNAMIC_NO_PIC = NO;
				GCC_NO_COMMON_BLOCKS = YES;
				GCC_OPTIMIZATION_LEVEL = 0;
				GCC_PREPROCESSOR_DEFINITIONS = (
					"DEBUG=1",
					"$(inherited)",
				);
				GCC_WARN_64_TO_32_BIT_CONVERSION = YES;
				GCC_WARN_ABOUT_RETURN_TYPE = YES_ERROR;
				GCC_WARN_UNDECLARED_SELECTOR = YES;
				GCC_WARN_UNINITIALIZED_AUTOS = YES_AGGRESSIVE;
				GCC_WARN_UNUSED_FUNCTION = YES;
				GCC_WARN_UNUSED_VARIABLE = YES;
				IPHONEOS_DEPLOYMENT_TARGET = 17.0;
				LOCALIZATION_PREFERS_STRING_CATALOGS = YES;
				MTL_ENABLE_DEBUG_INFO = INCLUDE_SOURCE;
				MTL_FAST_MATH = YES;
				ONLY_ACTIVE_ARCH = YES;
				SDKROOT = iphoneos;
				SWIFT_ACTIVE_COMPILATION_CONDITIONS = "DEBUG $(inherited)";
				SWIFT_OPTIMIZATION_LEVEL = "-Onone";
			};
			name = Debug;
		};
		D7F09E8B2AFD3DD8001E7185 /* Release */ = {
			isa = XCBuildConfiguration;
			buildSettings = {
				ALWAYS_SEARCH_USER_PATHS = NO;
				ASSETCATALOG_COMPILER_GENERATE_SWIFT_ASSET_SYMBOL_EXTENSIONS = YES;
				CLANG_ANALYZER_NONNULL = YES;
				CLANG_ANALYZER_NUMBER_OBJECT_CONVERSION = YES_AGGRESSIVE;
				CLANG_CXX_LANGUAGE_STANDARD = "gnu++20";
				CLANG_ENABLE_MODULES = YES;
				CLANG_ENABLE_OBJC_ARC = YES;
				CLANG_ENABLE_OBJC_WEAK = YES;
				CLANG_WARN_BLOCK_CAPTURE_AUTORELEASING = YES;
				CLANG_WARN_BOOL_CONVERSION = YES;
				CLANG_WARN_COMMA = YES;
				CLANG_WARN_CONSTANT_CONVERSION = YES;
				CLANG_WARN_DEPRECATED_OBJC_IMPLEMENTATIONS = YES;
				CLANG_WARN_DIRECT_OBJC_ISA_USAGE = YES_ERROR;
				CLANG_WARN_DOCUMENTATION_COMMENTS = YES;
				CLANG_WARN_EMPTY_BODY = YES;
				CLANG_WARN_ENUM_CONVERSION = YES;
				CLANG_WARN_INFINITE_RECURSION = YES;
				CLANG_WARN_INT_CONVERSION = YES;
				CLANG_WARN_NON_LITERAL_NULL_CONVERSION = YES;
				CLANG_WARN_OBJC_IMPLICIT_RETAIN_SELF = YES;
				CLANG_WARN_OBJC_LITERAL_CONVERSION = YES;
				CLANG_WARN_OBJC_ROOT_CLASS = YES_ERROR;
				CLANG_WARN_QUOTED_INCLUDE_IN_FRAMEWORK_HEADER = YES;
				CLANG_WARN_RANGE_LOOP_ANALYSIS = YES;
				CLANG_WARN_STRICT_PROTOTYPES = YES;
				CLANG_WARN_SUSPICIOUS_MOVE = YES;
				CLANG_WARN_UNGUARDED_AVAILABILITY = YES_AGGRESSIVE;
				CLANG_WARN_UNREACHABLE_CODE = YES;
				CLANG_WARN__DUPLICATE_METHOD_MATCH = YES;
				COPY_PHASE_STRIP = NO;
				DEBUG_INFORMATION_FORMAT = "dwarf-with-dsym";
				ENABLE_NS_ASSERTIONS = NO;
				ENABLE_STRICT_OBJC_MSGSEND = YES;
				ENABLE_USER_SCRIPT_SANDBOXING = YES;
				GCC_C_LANGUAGE_STANDARD = gnu17;
				GCC_NO_COMMON_BLOCKS = YES;
				GCC_WARN_64_TO_32_BIT_CONVERSION = YES;
				GCC_WARN_ABOUT_RETURN_TYPE = YES_ERROR;
				GCC_WARN_UNDECLARED_SELECTOR = YES;
				GCC_WARN_UNINITIALIZED_AUTOS = YES_AGGRESSIVE;
				GCC_WARN_UNUSED_FUNCTION = YES;
				GCC_WARN_UNUSED_VARIABLE = YES;
				IPHONEOS_DEPLOYMENT_TARGET = 17.0;
				LOCALIZATION_PREFERS_STRING_CATALOGS = YES;
				MTL_ENABLE_DEBUG_INFO = NO;
				MTL_FAST_MATH = YES;
				SDKROOT = iphoneos;
				SWIFT_COMPILATION_MODE = wholemodule;
				VALIDATE_PRODUCT = YES;
			};
			name = Release;
		};
		D7F09E8D2AFD3DD8001E7185 /* Debug */ = {
			isa = XCBuildConfiguration;
			buildSettings = {
				ASSETCATALOG_COMPILER_APPICON_NAME = AppIcon;
				ASSETCATALOG_COMPILER_GLOBAL_ACCENT_COLOR_NAME = AccentColor;
				CODE_SIGN_STYLE = Automatic;
				CURRENT_PROJECT_VERSION = 1;
				GENERATE_INFOPLIST_FILE = YES;
				INFOPLIST_FILE = "Rick&Morty (MVVM)/Info.plist";
				INFOPLIST_KEY_UIApplicationSupportsIndirectInputEvents = YES;
				INFOPLIST_KEY_UILaunchStoryboardName = LaunchScreen;
				INFOPLIST_KEY_UISupportedInterfaceOrientations_iPad = "UIInterfaceOrientationPortrait UIInterfaceOrientationPortraitUpsideDown UIInterfaceOrientationLandscapeLeft UIInterfaceOrientationLandscapeRight";
				IPHONEOS_DEPLOYMENT_TARGET = 14.0;
				LD_RUNPATH_SEARCH_PATHS = (
					"$(inherited)",
					"@executable_path/Frameworks",
				);
				MARKETING_VERSION = 1.0;
				PRODUCT_BUNDLE_IDENTIFIER = "com.Rick-Morty--MVVM-";
				PRODUCT_NAME = "$(TARGET_NAME)";
				SWIFT_EMIT_LOC_STRINGS = YES;
				SWIFT_VERSION = 5.0;
				TARGETED_DEVICE_FAMILY = "1,2";
			};
			name = Debug;
		};
		D7F09E8E2AFD3DD8001E7185 /* Release */ = {
			isa = XCBuildConfiguration;
			buildSettings = {
				ASSETCATALOG_COMPILER_APPICON_NAME = AppIcon;
				ASSETCATALOG_COMPILER_GLOBAL_ACCENT_COLOR_NAME = AccentColor;
				CODE_SIGN_STYLE = Automatic;
				CURRENT_PROJECT_VERSION = 1;
				GENERATE_INFOPLIST_FILE = YES;
				INFOPLIST_FILE = "Rick&Morty (MVVM)/Info.plist";
				INFOPLIST_KEY_UIApplicationSupportsIndirectInputEvents = YES;
				INFOPLIST_KEY_UILaunchStoryboardName = LaunchScreen;
				INFOPLIST_KEY_UISupportedInterfaceOrientations_iPad = "UIInterfaceOrientationPortrait UIInterfaceOrientationPortraitUpsideDown UIInterfaceOrientationLandscapeLeft UIInterfaceOrientationLandscapeRight";
				IPHONEOS_DEPLOYMENT_TARGET = 14.0;
				LD_RUNPATH_SEARCH_PATHS = (
					"$(inherited)",
					"@executable_path/Frameworks",
				);
				MARKETING_VERSION = 1.0;
				PRODUCT_BUNDLE_IDENTIFIER = "com.Rick-Morty--MVVM-";
				PRODUCT_NAME = "$(TARGET_NAME)";
				SWIFT_EMIT_LOC_STRINGS = YES;
				SWIFT_VERSION = 5.0;
				TARGETED_DEVICE_FAMILY = "1,2";
			};
			name = Release;
		};
/* End XCBuildConfiguration section */

/* Begin XCConfigurationList section */
		D7F09E732AFD3DD6001E7185 /* Build configuration list for PBXProject "Rick&Morty (MVVM)" */ = {
			isa = XCConfigurationList;
			buildConfigurations = (
				D7F09E8A2AFD3DD8001E7185 /* Debug */,
				D7F09E8B2AFD3DD8001E7185 /* Release */,
			);
			defaultConfigurationIsVisible = 0;
			defaultConfigurationName = Release;
		};
		D7F09E8C2AFD3DD8001E7185 /* Build configuration list for PBXNativeTarget "Rick&Morty (MVVM)" */ = {
			isa = XCConfigurationList;
			buildConfigurations = (
				D7F09E8D2AFD3DD8001E7185 /* Debug */,
				D7F09E8E2AFD3DD8001E7185 /* Release */,
			);
			defaultConfigurationIsVisible = 0;
			defaultConfigurationName = Release;
		};
/* End XCConfigurationList section */
	};
	rootObject = D7F09E702AFD3DD6001E7185 /* Project object */;
}
